{
  "name": "miniprogram",
  "version": "1.0.0",
  "lockfileVersion": 1,
  "requires": true,
  "dependencies": {
    "@vant/weapp": {
      "version": "1.0.1",
      "resolved": "https://registry.npm.taobao.org/@vant/weapp/download/@vant/weapp-1.0.1.tgz",
      "integrity": "sha1-thm89XUjRCoN5HLff1DXg/mx6/U="
    },
    "vant-weapp": {
      "version": "0.5.27",
      "resolved": "https://registry.npm.taobao.org/vant-weapp/download/vant-weapp-0.5.27.tgz",
      "integrity": "sha1-sCmYDb3Mf5Cv+dyduOK6xe8RjRs="
    }
  }
}
